{
	"name": "@bryntum/siesta",
	"version": "6.0.0-alpha-3",
	"lockfileVersion": 2,
	"requires": true,
	"packages": {
		"": {
			"name": "@bryntum/siesta",
			"version": "6.0.0-alpha-3",
			"license": "MIT",
			"bin": {
				"siesta": "bin/siesta.js"
			},
			"devDependencies": {
				"typescript": "git://github.com/bryntum/TypeScript.git#feat/7342"
			},
			"engines": {
				"node": ">=12.21.0"
			}
		},
		"node_modules/typescript": {
			"version": "4.4.0",
			"resolved": "git+ssh://git@github.com/bryntum/TypeScript.git#b538fc36e97afc930b9c4044337becd824e79aae",
			"dev": true,
			"license": "Apache-2.0",
			"bin": {
				"tsc": "bin/tsc",
				"tsserver": "bin/tsserver"
			},
			"engines": {
				"node": ">=4.2.0"
			}
		}
	},
	"dependencies": {
		"typescript": {
			"version": "git+ssh://git@github.com/bryntum/TypeScript.git#b538fc36e97afc930b9c4044337becd824e79aae",
			"dev": true,
			"from": "typescript@git://github.com/bryntum/TypeScript.git#feat/7342"
		}
	}
}
